
Microsoft Visual Studio Solution File, Format Version 12.00
Project("{FAE04EC0-301F-11D3-BF4B-00C04F79EFBC}") = "MvcMovie", "MvcMovie\MvcMovie.csproj", "{F4C2B9C5-246F-4096-8420-E309234B0882}"
EndProject
Global
	GlobalSection(SolutionConfigurationPlatforms) = preSolution
		Debug|Any CPU = Debug|Any CPU
		Release|Any CPU = Release|Any CPU
	EndGlobalSection
	GlobalSection(ProjectConfigurationPlatforms) = postSolution
		{F4C2B9C5-246F-4096-8420-E309234B0882}.Debug|Any CPU.ActiveCfg = Debug|Any CPU
		{F4C2B9C5-246F-4096-8420-E309234B0882}.Debug|Any CPU.Build.0 = Debug|Any CPU
		{F4C2B9C5-246F-4096-8420-E309234B0882}.Release|Any CPU.ActiveCfg = Release|Any CPU
		{F4C2B9C5-246F-4096-8420-E309234B0882}.Release|Any CPU.Build.0 = Release|Any CPU
	EndGlobalSection
EndGlobal
